
Microsoft Visual Studio Solution File, Format Version 12.00
# Visual Studio Version 16
VisualStudioVersion = 16.0.30621.155
MinimumVisualStudioVersion = 10.0.40219.1
Project("{FAE04EC0-301F-11D3-BF4B-00C04F79EFBC}") = "Zaytron Password", "Zaytron Password\Zaytron Password.csproj", "{67DFB95B-A712-48C1-9326-A84A29FC8167}"
EndProject
Global
	GlobalSection(SolutionConfigurationPlatforms) = preSolution
		Debug|Any CPU = Debug|Any CPU
		Release|Any CPU = Release|Any CPU
	EndGlobalSection
	GlobalSection(ProjectConfigurationPlatforms) = postSolution
		{67DFB95B-A712-48C1-9326-A84A29FC8167}.Debug|Any CPU.ActiveCfg = Debug|Any CPU
		{67DFB95B-A712-48C1-9326-A84A29FC8167}.Debug|Any CPU.Build.0 = Debug|Any CPU
		{67DFB95B-A712-48C1-9326-A84A29FC8167}.Release|Any CPU.ActiveCfg = Release|Any CPU
		{67DFB95B-A712-48C1-9326-A84A29FC8167}.Release|Any CPU.Build.0 = Release|Any CPU
	EndGlobalSection
	GlobalSection(SolutionProperties) = preSolution
		HideSolutionNode = FALSE
	EndGlobalSection
	GlobalSection(ExtensibilityGlobals) = postSolution
		SolutionGuid = {7FD5C9A1-CDA4-43EA-A984-E4E4A2A9880F}
	EndGlobalSection
EndGlobal
